
Microsoft Visual Studio Solution File, Format Version 12.00
# Visual Studio Version 17
VisualStudioVersion = 17.8.34408.163
MinimumVisualStudioVersion = 10.0.40219.1
Project("{FAE04EC0-301F-11D3-BF4B-00C04F79EFBC}") = "EntityFramework", "EntityFramework\EntityFramework.csproj", "{4C7FA4FF-7E8C-4C8A-83ED-AE5DAC65272C}"
EndProject
Global
	GlobalSection(SolutionConfigurationPlatforms) = preSolution
		Debug|Any CPU = Debug|Any CPU
		Release|Any CPU = Release|Any CPU
	EndGlobalSection
	GlobalSection(ProjectConfigurationPlatforms) = postSolution
		{4C7FA4FF-7E8C-4C8A-83ED-AE5DAC65272C}.Debug|Any CPU.ActiveCfg = Debug|Any CPU
		{4C7FA4FF-7E8C-4C8A-83ED-AE5DAC65272C}.Debug|Any CPU.Build.0 = Debug|Any CPU
		{4C7FA4FF-7E8C-4C8A-83ED-AE5DAC65272C}.Release|Any CPU.ActiveCfg = Release|Any CPU
		{4C7FA4FF-7E8C-4C8A-83ED-AE5DAC65272C}.Release|Any CPU.Build.0 = Release|Any CPU
	EndGlobalSection
	GlobalSection(SolutionProperties) = preSolution
		HideSolutionNode = FALSE
	EndGlobalSection
	GlobalSection(ExtensibilityGlobals) = postSolution
		SolutionGuid = {DDFD5D39-22D5-4CC7-95F5-CC11C516B73E}
	EndGlobalSection
EndGlobal
